
Microsoft Visual Studio Solution File, Format Version 12.00
# Visual Studio Version 16
VisualStudioVersion = 16.0.31205.134
MinimumVisualStudioVersion = 10.0.40219.1
Project("{9A19103F-16F7-4668-BE54-9A1E7A4F7556}") = "EmployeeAttendance", "EmployeeAttendance\EmployeeAttendance.csproj", "{B0934477-9C2D-4458-8724-63ADB2F9381F}"
EndProject
Project("{9A19103F-16F7-4668-BE54-9A1E7A4F7556}") = "CalculateDailyWage", "CalculateDailyWage\CalculateDailyWage.csproj", "{068FE6BF-8898-4A5D-BE58-E441F1426248}"
EndProject
Project("{9A19103F-16F7-4668-BE54-9A1E7A4F7556}") = "Factorial", "Factorial\Factorial.csproj", "{0B883EBE-6918-456B-9B1E-05256D94581D}"
EndProject
Project("{9A19103F-16F7-4668-BE54-9A1E7A4F7556}") = "CompareTo_Equals", "CompareTo_Equals\CompareTo_Equals.csproj", "{5C37ED9E-56EA-46C9-9282-DEF1A15407EE}"
EndProject
Project("{9A19103F-16F7-4668-BE54-9A1E7A4F7556}") = "SnakeAndLadder", "SnakeAndLadder\SnakeAndLadder.csproj", "{0B9D4A16-DF2B-4EBF-8C3E-AF8BA1BCED2A}"
EndProject
Project("{9A19103F-16F7-4668-BE54-9A1E7A4F7556}") = "TicTacToe", "TicTacToe\TicTacToe.csproj", "{7CDACC60-D627-4355-BC5E-FCDD7E03DC46}"
EndProject
Project("{FAE04EC0-301F-11D3-BF4B-00C04F79EFBC}") = "UC9_ManageEmpWageOfMultipleCompanies", "UC9_ManageEmpWageOfMultipleCompanies\UC9_ManageEmpWageOfMultipleCompanies.csproj", "{2FB86C52-4AEA-467B-9A44-D72B5765F994}"
EndProject
Global
	GlobalSection(SolutionConfigurationPlatforms) = preSolution
		Debug|Any CPU = Debug|Any CPU
		Release|Any CPU = Release|Any CPU
	EndGlobalSection
	GlobalSection(ProjectConfigurationPlatforms) = postSolution
		{B0934477-9C2D-4458-8724-63ADB2F9381F}.Debug|Any CPU.ActiveCfg = Debug|Any CPU
		{B0934477-9C2D-4458-8724-63ADB2F9381F}.Debug|Any CPU.Build.0 = Debug|Any CPU
		{B0934477-9C2D-4458-8724-63ADB2F9381F}.Release|Any CPU.ActiveCfg = Release|Any CPU
		{B0934477-9C2D-4458-8724-63ADB2F9381F}.Release|Any CPU.Build.0 = Release|Any CPU
		{068FE6BF-8898-4A5D-BE58-E441F1426248}.Debug|Any CPU.ActiveCfg = Debug|Any CPU
		{068FE6BF-8898-4A5D-BE58-E441F1426248}.Debug|Any CPU.Build.0 = Debug|Any CPU
		{068FE6BF-8898-4A5D-BE58-E441F1426248}.Release|Any CPU.ActiveCfg = Release|Any CPU
		{068FE6BF-8898-4A5D-BE58-E441F1426248}.Release|Any CPU.Build.0 = Release|Any CPU
		{0B883EBE-6918-456B-9B1E-05256D94581D}.Debug|Any CPU.ActiveCfg = Debug|Any CPU
		{0B883EBE-6918-456B-9B1E-05256D94581D}.Debug|Any CPU.Build.0 = Debug|Any CPU
		{0B883EBE-6918-456B-9B1E-05256D94581D}.Release|Any CPU.ActiveCfg = Release|Any CPU
		{0B883EBE-6918-456B-9B1E-05256D94581D}.Release|Any CPU.Build.0 = Release|Any CPU
		{5C37ED9E-56EA-46C9-9282-DEF1A15407EE}.Debug|Any CPU.ActiveCfg = Debug|Any CPU
		{5C37ED9E-56EA-46C9-9282-DEF1A15407EE}.Debug|Any CPU.Build.0 = Debug|Any CPU
		{5C37ED9E-56EA-46C9-9282-DEF1A15407EE}.Release|Any CPU.ActiveCfg = Release|Any CPU
		{5C37ED9E-56EA-46C9-9282-DEF1A15407EE}.Release|Any CPU.Build.0 = Release|Any CPU
		{0B9D4A16-DF2B-4EBF-8C3E-AF8BA1BCED2A}.Debug|Any CPU.ActiveCfg = Debug|Any CPU
		{0B9D4A16-DF2B-4EBF-8C3E-AF8BA1BCED2A}.Debug|Any CPU.Build.0 = Debug|Any CPU
		{0B9D4A16-DF2B-4EBF-8C3E-AF8BA1BCED2A}.Release|Any CPU.ActiveCfg = Release|Any CPU
		{0B9D4A16-DF2B-4EBF-8C3E-AF8BA1BCED2A}.Release|Any CPU.Build.0 = Release|Any CPU
		{7CDACC60-D627-4355-BC5E-FCDD7E03DC46}.Debug|Any CPU.ActiveCfg = Debug|Any CPU
		{7CDACC60-D627-4355-BC5E-FCDD7E03DC46}.Debug|Any CPU.Build.0 = Debug|Any CPU
		{7CDACC60-D627-4355-BC5E-FCDD7E03DC46}.Release|Any CPU.ActiveCfg = Release|Any CPU
		{7CDACC60-D627-4355-BC5E-FCDD7E03DC46}.Release|Any CPU.Build.0 = Release|Any CPU
		{2FB86C52-4AEA-467B-9A44-D72B5765F994}.Debug|Any CPU.ActiveCfg = Debug|Any CPU
		{2FB86C52-4AEA-467B-9A44-D72B5765F994}.Debug|Any CPU.Build.0 = Debug|Any CPU
		{2FB86C52-4AEA-467B-9A44-D72B5765F994}.Release|Any CPU.ActiveCfg = Release|Any CPU
		{2FB86C52-4AEA-467B-9A44-D72B5765F994}.Release|Any CPU.Build.0 = Release|Any CPU
	EndGlobalSection
	GlobalSection(SolutionProperties) = preSolution
		HideSolutionNode = FALSE
	EndGlobalSection
	GlobalSection(ExtensibilityGlobals) = postSolution
		SolutionGuid = {02E4F6D2-5D76-4007-8CE6-677278FF36D5}
	EndGlobalSection
EndGlobal
